
Microsoft Visual Studio Solution File, Format Version 12.00
# Visual Studio Version 17
VisualStudioVersion = 17.3.32825.248
MinimumVisualStudioVersion = 10.0.40219.1
Project("{FAE04EC0-301F-11D3-BF4B-00C04F79EFBC}") = "GDTask-3", "GDTask-3.csproj", "{A3E36F3A-17EE-4F1B-BFC6-A2428617EBA6}"
EndProject
Global
	GlobalSection(SolutionConfigurationPlatforms) = preSolution
		Debug|Any CPU = Debug|Any CPU
		Release|Any CPU = Release|Any CPU
	EndGlobalSection
	GlobalSection(ProjectConfigurationPlatforms) = postSolution
		{A3E36F3A-17EE-4F1B-BFC6-A2428617EBA6}.Debug|Any CPU.ActiveCfg = Debug|Any CPU
		{A3E36F3A-17EE-4F1B-BFC6-A2428617EBA6}.Debug|Any CPU.Build.0 = Debug|Any CPU
		{A3E36F3A-17EE-4F1B-BFC6-A2428617EBA6}.Release|Any CPU.ActiveCfg = Release|Any CPU
		{A3E36F3A-17EE-4F1B-BFC6-A2428617EBA6}.Release|Any CPU.Build.0 = Release|Any CPU
	EndGlobalSection
	GlobalSection(SolutionProperties) = preSolution
		HideSolutionNode = FALSE
	EndGlobalSection
	GlobalSection(ExtensibilityGlobals) = postSolution
		SolutionGuid = {E2E567C6-202E-49D5-B072-5F9404A23E57}
	EndGlobalSection
EndGlobal
